
Microsoft Visual Studio Solution File, Format Version 12.00
# Visual Studio Version 17
VisualStudioVersion = 17.9.34728.123
MinimumVisualStudioVersion = 10.0.40219.1
Project("{2150E333-8FDC-42A3-9474-1A3956D46DE8}") = "Services", "Services", "{2AEE2EAE-74BB-4A45-8AB8-97A7FA29EECE}"
EndProject
Project("{2150E333-8FDC-42A3-9474-1A3956D46DE8}") = "Catalog", "Catalog", "{FB89ABD8-117A-4D79-96C3-C08CFFCFE58B}"
EndProject
Project("{9A19103F-16F7-4668-BE54-9A1E7A4F7556}") = "Catalog.API", "Services\Catalog\Catalog.API\Catalog.API.csproj", "{48BAE0B5-56DB-4C50-BB45-034C3D81000B}"
EndProject
Project("{2150E333-8FDC-42A3-9474-1A3956D46DE8}") = "BuildingBlocks", "BuildingBlocks", "{A9FFD1CA-185A-4991-8DAC-59EEFFB61402}"
EndProject
Project("{9A19103F-16F7-4668-BE54-9A1E7A4F7556}") = "BuildingBlocks", "BuildingBlocks\BuildingBlocks\BuildingBlocks.csproj", "{C4CB3066-5584-40E5-ABA1-5B2FE363B935}"
EndProject
Project("{E53339B2-1760-4266-BCC7-CA923CBCF16C}") = "docker-compose", "docker-compose.dcproj", "{BEF3C5A2-DB48-485A-8E08-2A16437D2A4B}"
EndProject
Project("{2150E333-8FDC-42A3-9474-1A3956D46DE8}") = "Basket", "Basket", "{E92E942F-9479-45AD-86FC-3885DEFE064D}"
EndProject
Project("{9A19103F-16F7-4668-BE54-9A1E7A4F7556}") = "Basket.API", "Services\Basket\Basket.API\Basket.API.csproj", "{29BD235E-F60D-4085-923D-EEBB588F1F97}"
EndProject
Project("{2150E333-8FDC-42A3-9474-1A3956D46DE8}") = "Discount", "Discount", "{017161C4-5BA0-4BE0-A8E8-13216FCFC5E4}"
EndProject
Project("{9A19103F-16F7-4668-BE54-9A1E7A4F7556}") = "Discount.Grpc", "Services\Discount\Discount.Grpc\Discount.Grpc.csproj", "{63903523-5A0B-4AAE-8709-321DCFDF9DD9}"
EndProject
Project("{2150E333-8FDC-42A3-9474-1A3956D46DE8}") = "Ordering", "Ordering", "{67C46DCC-6D25-42DE-99E0-EFDC3F6C4449}"
EndProject
Project("{9A19103F-16F7-4668-BE54-9A1E7A4F7556}") = "Ordering.API", "Services\Ordering\Ordering.API\Ordering.API.csproj", "{6D1E546B-156D-4429-A43D-123BB73372F3}"
EndProject
Project("{9A19103F-16F7-4668-BE54-9A1E7A4F7556}") = "Ordering.Domain", "Services\Ordering\Ordering.Domain\Ordering.Domain.csproj", "{B3B2706C-8D7F-4D85-852C-38678A33DE34}"
EndProject
Project("{9A19103F-16F7-4668-BE54-9A1E7A4F7556}") = "Ordering.Application", "Services\Ordering\Ordering.Application\Ordering.Application.csproj", "{FC5A8448-A27A-4579-879C-1A58CC790779}"
EndProject
Project("{9A19103F-16F7-4668-BE54-9A1E7A4F7556}") = "Ordering.Infrastructure", "Services\Ordering\Ordering.Infrastructure\Ordering.Infrastructure.csproj", "{08184565-8172-4B58-98B5-C9E9DB3AE714}"
EndProject
Project("{FAE04EC0-301F-11D3-BF4B-00C04F79EFBC}") = "BuildingBlocks.Messaging", "BuildingBlocks\BuildingBlocks.Messaging\BuildingBlocks.Messaging.csproj", "{224F6DDD-3AF7-43AC-A238-A359F2DE8F01}"
EndProject
Global
	GlobalSection(SolutionConfigurationPlatforms) = preSolution
		Debug|Any CPU = Debug|Any CPU
		Release|Any CPU = Release|Any CPU
	EndGlobalSection
	GlobalSection(ProjectConfigurationPlatforms) = postSolution
		{48BAE0B5-56DB-4C50-BB45-034C3D81000B}.Debug|Any CPU.ActiveCfg = Debug|Any CPU
		{48BAE0B5-56DB-4C50-BB45-034C3D81000B}.Debug|Any CPU.Build.0 = Debug|Any CPU
		{48BAE0B5-56DB-4C50-BB45-034C3D81000B}.Release|Any CPU.ActiveCfg = Release|Any CPU
		{48BAE0B5-56DB-4C50-BB45-034C3D81000B}.Release|Any CPU.Build.0 = Release|Any CPU
		{C4CB3066-5584-40E5-ABA1-5B2FE363B935}.Debug|Any CPU.ActiveCfg = Debug|Any CPU
		{C4CB3066-5584-40E5-ABA1-5B2FE363B935}.Debug|Any CPU.Build.0 = Debug|Any CPU
		{C4CB3066-5584-40E5-ABA1-5B2FE363B935}.Release|Any CPU.ActiveCfg = Release|Any CPU
		{C4CB3066-5584-40E5-ABA1-5B2FE363B935}.Release|Any CPU.Build.0 = Release|Any CPU
		{BEF3C5A2-DB48-485A-8E08-2A16437D2A4B}.Debug|Any CPU.ActiveCfg = Debug|Any CPU
		{BEF3C5A2-DB48-485A-8E08-2A16437D2A4B}.Debug|Any CPU.Build.0 = Debug|Any CPU
		{BEF3C5A2-DB48-485A-8E08-2A16437D2A4B}.Release|Any CPU.ActiveCfg = Release|Any CPU
		{BEF3C5A2-DB48-485A-8E08-2A16437D2A4B}.Release|Any CPU.Build.0 = Release|Any CPU
		{29BD235E-F60D-4085-923D-EEBB588F1F97}.Debug|Any CPU.ActiveCfg = Debug|Any CPU
		{29BD235E-F60D-4085-923D-EEBB588F1F97}.Debug|Any CPU.Build.0 = Debug|Any CPU
		{29BD235E-F60D-4085-923D-EEBB588F1F97}.Release|Any CPU.ActiveCfg = Release|Any CPU
		{29BD235E-F60D-4085-923D-EEBB588F1F97}.Release|Any CPU.Build.0 = Release|Any CPU
		{63903523-5A0B-4AAE-8709-321DCFDF9DD9}.Debug|Any CPU.ActiveCfg = Debug|Any CPU
		{63903523-5A0B-4AAE-8709-321DCFDF9DD9}.Debug|Any CPU.Build.0 = Debug|Any CPU
		{63903523-5A0B-4AAE-8709-321DCFDF9DD9}.Release|Any CPU.ActiveCfg = Release|Any CPU
		{63903523-5A0B-4AAE-8709-321DCFDF9DD9}.Release|Any CPU.Build.0 = Release|Any CPU
		{6D1E546B-156D-4429-A43D-123BB73372F3}.Debug|Any CPU.ActiveCfg = Debug|Any CPU
		{6D1E546B-156D-4429-A43D-123BB73372F3}.Debug|Any CPU.Build.0 = Debug|Any CPU
		{6D1E546B-156D-4429-A43D-123BB73372F3}.Release|Any CPU.ActiveCfg = Release|Any CPU
		{6D1E546B-156D-4429-A43D-123BB73372F3}.Release|Any CPU.Build.0 = Release|Any CPU
		{B3B2706C-8D7F-4D85-852C-38678A33DE34}.Debug|Any CPU.ActiveCfg = Debug|Any CPU
		{B3B2706C-8D7F-4D85-852C-38678A33DE34}.Debug|Any CPU.Build.0 = Debug|Any CPU
		{B3B2706C-8D7F-4D85-852C-38678A33DE34}.Release|Any CPU.ActiveCfg = Release|Any CPU
		{B3B2706C-8D7F-4D85-852C-38678A33DE34}.Release|Any CPU.Build.0 = Release|Any CPU
		{FC5A8448-A27A-4579-879C-1A58CC790779}.Debug|Any CPU.ActiveCfg = Debug|Any CPU
		{FC5A8448-A27A-4579-879C-1A58CC790779}.Debug|Any CPU.Build.0 = Debug|Any CPU
		{FC5A8448-A27A-4579-879C-1A58CC790779}.Release|Any CPU.ActiveCfg = Release|Any CPU
		{FC5A8448-A27A-4579-879C-1A58CC790779}.Release|Any CPU.Build.0 = Release|Any CPU
		{08184565-8172-4B58-98B5-C9E9DB3AE714}.Debug|Any CPU.ActiveCfg = Debug|Any CPU
		{08184565-8172-4B58-98B5-C9E9DB3AE714}.Debug|Any CPU.Build.0 = Debug|Any CPU
		{08184565-8172-4B58-98B5-C9E9DB3AE714}.Release|Any CPU.ActiveCfg = Release|Any CPU
		{08184565-8172-4B58-98B5-C9E9DB3AE714}.Release|Any CPU.Build.0 = Release|Any CPU
		{224F6DDD-3AF7-43AC-A238-A359F2DE8F01}.Debug|Any CPU.ActiveCfg = Debug|Any CPU
		{224F6DDD-3AF7-43AC-A238-A359F2DE8F01}.Debug|Any CPU.Build.0 = Debug|Any CPU
		{224F6DDD-3AF7-43AC-A238-A359F2DE8F01}.Release|Any CPU.ActiveCfg = Release|Any CPU
		{224F6DDD-3AF7-43AC-A238-A359F2DE8F01}.Release|Any CPU.Build.0 = Release|Any CPU
	EndGlobalSection
	GlobalSection(SolutionProperties) = preSolution
		HideSolutionNode = FALSE
	EndGlobalSection
	GlobalSection(NestedProjects) = preSolution
		{FB89ABD8-117A-4D79-96C3-C08CFFCFE58B} = {2AEE2EAE-74BB-4A45-8AB8-97A7FA29EECE}
		{48BAE0B5-56DB-4C50-BB45-034C3D81000B} = {FB89ABD8-117A-4D79-96C3-C08CFFCFE58B}
		{C4CB3066-5584-40E5-ABA1-5B2FE363B935} = {A9FFD1CA-185A-4991-8DAC-59EEFFB61402}
		{E92E942F-9479-45AD-86FC-3885DEFE064D} = {2AEE2EAE-74BB-4A45-8AB8-97A7FA29EECE}
		{29BD235E-F60D-4085-923D-EEBB588F1F97} = {E92E942F-9479-45AD-86FC-3885DEFE064D}
		{017161C4-5BA0-4BE0-A8E8-13216FCFC5E4} = {2AEE2EAE-74BB-4A45-8AB8-97A7FA29EECE}
		{63903523-5A0B-4AAE-8709-321DCFDF9DD9} = {017161C4-5BA0-4BE0-A8E8-13216FCFC5E4}
		{67C46DCC-6D25-42DE-99E0-EFDC3F6C4449} = {2AEE2EAE-74BB-4A45-8AB8-97A7FA29EECE}
		{6D1E546B-156D-4429-A43D-123BB73372F3} = {67C46DCC-6D25-42DE-99E0-EFDC3F6C4449}
		{B3B2706C-8D7F-4D85-852C-38678A33DE34} = {67C46DCC-6D25-42DE-99E0-EFDC3F6C4449}
		{FC5A8448-A27A-4579-879C-1A58CC790779} = {67C46DCC-6D25-42DE-99E0-EFDC3F6C4449}
		{08184565-8172-4B58-98B5-C9E9DB3AE714} = {67C46DCC-6D25-42DE-99E0-EFDC3F6C4449}
		{224F6DDD-3AF7-43AC-A238-A359F2DE8F01} = {A9FFD1CA-185A-4991-8DAC-59EEFFB61402}
	EndGlobalSection
	GlobalSection(ExtensibilityGlobals) = postSolution
		SolutionGuid = {7E467756-B8EC-4BBC-8E4B-4F73BBFCFEF8}
	EndGlobalSection
EndGlobal
